" Generated by vim-plug
" Wed Jul 29 13:39:12 2020
" :source this file in vim to restore the snapshot
" or execute: vim -S snapshot.vim

silent! let g:plugs['QFEnter'].commit = '400352f'
silent! let g:plugs['Recover.vim'].commit = 'c84f072'
silent! let g:plugs['ale'].commit = '68b484a'
silent! let g:plugs['editorconfig-vim'].commit = '0a3c1d8'
silent! let g:plugs['fzf'].commit = '7322504'
silent! let g:plugs['fzf.vim'].commit = '7bc8ecc'
silent! let g:plugs['gv.vim'].commit = '61d877d'
silent! let g:plugs['targets.vim'].commit = '8d6ff29'
silent! let g:plugs['traces.vim'].commit = 'd8ff432'
silent! let g:plugs['ultisnips'].commit = 'e83c820'
silent! let g:plugs['vim-abolish'].commit = '7e4da6e'
silent! let g:plugs['vim-commentary'].commit = 'f8238d7'
silent! let g:plugs['vim-cool'].commit = '27ad4ec'
silent! let g:plugs['vim-fugitive'].commit = '1da7c13'
silent! let g:plugs['vim-gutentags'].commit = '8e69652'
silent! let g:plugs['vim-polyglot'].commit = '9c3c0bc'
silent! let g:plugs['vim-qf'].commit = '208d1cd'
silent! let g:plugs['vim-repeat'].commit = 'c947ad2'
silent! let g:plugs['vim-rhubarb'].commit = '5130596'
silent! let g:plugs['vim-searchlight'].commit = '2c6e5a1'
silent! let g:plugs['vim-sensible'].commit = '2d9f34c'
silent! let g:plugs['vim-surround'].commit = 'f51a26d'
silent! let g:plugs['vim-unimpaired'].commit = '4afbe5e'
silent! let g:plugs['vim-vinegar'].commit = '5fee9d2'
silent! let g:plugs['vim-windowswap'].commit = '15db3f6'

PlugUpdate!
